
Microsoft Visual Studio Solution File, Format Version 12.00
# Visual Studio Version 17
VisualStudioVersion = 17.14.36414.22 d17.14
MinimumVisualStudioVersion = 10.0.40219.1
Project("{FAE04EC0-301F-11D3-BF4B-00C04F79EFBC}") = "ExceptionMiddlewareDemo", "ExceptionMiddlewareDemo\ExceptionMiddlewareDemo.csproj", "{294ED755-F3BB-4FEE-89B0-D6847B66A214}"
EndProject
Global
	GlobalSection(SolutionConfigurationPlatforms) = preSolution
		Debug|Any CPU = Debug|Any CPU
		Release|Any CPU = Release|Any CPU
	EndGlobalSection
	GlobalSection(ProjectConfigurationPlatforms) = postSolution
		{294ED755-F3BB-4FEE-89B0-D6847B66A214}.Debug|Any CPU.ActiveCfg = Debug|Any CPU
		{294ED755-F3BB-4FEE-89B0-D6847B66A214}.Debug|Any CPU.Build.0 = Debug|Any CPU
		{294ED755-F3BB-4FEE-89B0-D6847B66A214}.Release|Any CPU.ActiveCfg = Release|Any CPU
		{294ED755-F3BB-4FEE-89B0-D6847B66A214}.Release|Any CPU.Build.0 = Release|Any CPU
	EndGlobalSection
	GlobalSection(SolutionProperties) = preSolution
		HideSolutionNode = FALSE
	EndGlobalSection
	GlobalSection(ExtensibilityGlobals) = postSolution
		SolutionGuid = {F0AD91C5-F503-46A3-B6B5-EE238D679B2A}
	EndGlobalSection
EndGlobal
